
Microsoft Visual Studio Solution File, Format Version 12.00
Project("{FAE04EC0-301F-11D3-BF4B-00C04F79EFBC}") = "APBD_10", "APBD_10\APBD_10.csproj", "{D54A5ECA-6672-4ADA-A0D1-AF8CB9BFBC2C}"
EndProject
Global
	GlobalSection(SolutionConfigurationPlatforms) = preSolution
		Debug|Any CPU = Debug|Any CPU
		Release|Any CPU = Release|Any CPU
	EndGlobalSection
	GlobalSection(ProjectConfigurationPlatforms) = postSolution
		{D54A5ECA-6672-4ADA-A0D1-AF8CB9BFBC2C}.Debug|Any CPU.ActiveCfg = Debug|Any CPU
		{D54A5ECA-6672-4ADA-A0D1-AF8CB9BFBC2C}.Debug|Any CPU.Build.0 = Debug|Any CPU
		{D54A5ECA-6672-4ADA-A0D1-AF8CB9BFBC2C}.Release|Any CPU.ActiveCfg = Release|Any CPU
		{D54A5ECA-6672-4ADA-A0D1-AF8CB9BFBC2C}.Release|Any CPU.Build.0 = Release|Any CPU
	EndGlobalSection
EndGlobal
